
Microsoft Visual Studio Solution File, Format Version 12.00
# Visual Studio 2013
VisualStudioVersion = 12.0.31101.0
MinimumVisualStudioVersion = 10.0.40219.1
Project("{FAE04EC0-301F-11D3-BF4B-00C04F79EFBC}") = "AplicacionEmpresa", "AplicacionEmpresa\AplicacionEmpresa.csproj", "{C73CDA77-A6FD-4175-8D83-917503EDFEC2}"
EndProject
Project("{FAE04EC0-301F-11D3-BF4B-00C04F79EFBC}") = "CapaDatos", "CapaDatos\CapaDatos.csproj", "{D6069470-27B4-4FB7-B61C-359D8F979F26}"
EndProject
Project("{FAE04EC0-301F-11D3-BF4B-00C04F79EFBC}") = "CapaNegocio", "CapaNegocio\CapaNegocio.csproj", "{7C0EA691-8B10-4C2E-9946-77944238A281}"
EndProject
Project("{FAE04EC0-301F-11D3-BF4B-00C04F79EFBC}") = "CapaPresentacion", "CapaPresentacion\CapaPresentacion.csproj", "{29B6E29B-E9AB-4F65-808B-045FF5C5A38F}"
EndProject
Global
	GlobalSection(SolutionConfigurationPlatforms) = preSolution
		Debug|Any CPU = Debug|Any CPU
		Release|Any CPU = Release|Any CPU
	EndGlobalSection
	GlobalSection(ProjectConfigurationPlatforms) = postSolution
		{C73CDA77-A6FD-4175-8D83-917503EDFEC2}.Debug|Any CPU.ActiveCfg = Debug|Any CPU
		{C73CDA77-A6FD-4175-8D83-917503EDFEC2}.Debug|Any CPU.Build.0 = Debug|Any CPU
		{C73CDA77-A6FD-4175-8D83-917503EDFEC2}.Release|Any CPU.ActiveCfg = Release|Any CPU
		{C73CDA77-A6FD-4175-8D83-917503EDFEC2}.Release|Any CPU.Build.0 = Release|Any CPU
		{D6069470-27B4-4FB7-B61C-359D8F979F26}.Debug|Any CPU.ActiveCfg = Debug|Any CPU
		{D6069470-27B4-4FB7-B61C-359D8F979F26}.Debug|Any CPU.Build.0 = Debug|Any CPU
		{D6069470-27B4-4FB7-B61C-359D8F979F26}.Release|Any CPU.ActiveCfg = Release|Any CPU
		{D6069470-27B4-4FB7-B61C-359D8F979F26}.Release|Any CPU.Build.0 = Release|Any CPU
		{7C0EA691-8B10-4C2E-9946-77944238A281}.Debug|Any CPU.ActiveCfg = Debug|Any CPU
		{7C0EA691-8B10-4C2E-9946-77944238A281}.Debug|Any CPU.Build.0 = Debug|Any CPU
		{7C0EA691-8B10-4C2E-9946-77944238A281}.Release|Any CPU.ActiveCfg = Release|Any CPU
		{7C0EA691-8B10-4C2E-9946-77944238A281}.Release|Any CPU.Build.0 = Release|Any CPU
		{29B6E29B-E9AB-4F65-808B-045FF5C5A38F}.Debug|Any CPU.ActiveCfg = Debug|Any CPU
		{29B6E29B-E9AB-4F65-808B-045FF5C5A38F}.Debug|Any CPU.Build.0 = Debug|Any CPU
		{29B6E29B-E9AB-4F65-808B-045FF5C5A38F}.Release|Any CPU.ActiveCfg = Release|Any CPU
		{29B6E29B-E9AB-4F65-808B-045FF5C5A38F}.Release|Any CPU.Build.0 = Release|Any CPU
	EndGlobalSection
	GlobalSection(SolutionProperties) = preSolution
		HideSolutionNode = FALSE
	EndGlobalSection
EndGlobal
